
Microsoft Visual Studio Solution File, Format Version 12.00
# Visual Studio Version 18
VisualStudioVersion = 18.0.11018.127
MinimumVisualStudioVersion = 10.0.40219.1
Project("{FAE04EC0-301F-11D3-BF4B-00C04F79EFBC}") = "Chess.Engine", "Chess.Engine\Chess.Engine.csproj", "{CB107F16-7AC1-4E12-A3D0-195B2CEEDACB}"
EndProject
Project("{FAE04EC0-301F-11D3-BF4B-00C04F79EFBC}") = "Chess.Engine.UnitTest", "Chess.Engine.UnitTest\Chess.Engine.UnitTest.csproj", "{F0763B28-30E9-490A-BD2F-D6D78683C316}"
EndProject
Project("{FAE04EC0-301F-11D3-BF4B-00C04F79EFBC}") = "Chess.Data.EntityFramework", "Chess.Data.EntityFramework\Chess.Data.EntityFramework.csproj", "{BA791AEA-AFB0-407C-A34B-364F3B2F7CD5}"
EndProject
Global
	GlobalSection(SolutionConfigurationPlatforms) = preSolution
		Debug|Any CPU = Debug|Any CPU
		Release|Any CPU = Release|Any CPU
	EndGlobalSection
	GlobalSection(ProjectConfigurationPlatforms) = postSolution
		{CB107F16-7AC1-4E12-A3D0-195B2CEEDACB}.Debug|Any CPU.ActiveCfg = Debug|Any CPU
		{CB107F16-7AC1-4E12-A3D0-195B2CEEDACB}.Debug|Any CPU.Build.0 = Debug|Any CPU
		{CB107F16-7AC1-4E12-A3D0-195B2CEEDACB}.Release|Any CPU.ActiveCfg = Release|Any CPU
		{CB107F16-7AC1-4E12-A3D0-195B2CEEDACB}.Release|Any CPU.Build.0 = Release|Any CPU
		{F0763B28-30E9-490A-BD2F-D6D78683C316}.Debug|Any CPU.ActiveCfg = Debug|Any CPU
		{F0763B28-30E9-490A-BD2F-D6D78683C316}.Debug|Any CPU.Build.0 = Debug|Any CPU
		{F0763B28-30E9-490A-BD2F-D6D78683C316}.Release|Any CPU.ActiveCfg = Release|Any CPU
		{F0763B28-30E9-490A-BD2F-D6D78683C316}.Release|Any CPU.Build.0 = Release|Any CPU
		{BA791AEA-AFB0-407C-A34B-364F3B2F7CD5}.Debug|Any CPU.ActiveCfg = Debug|Any CPU
		{BA791AEA-AFB0-407C-A34B-364F3B2F7CD5}.Debug|Any CPU.Build.0 = Debug|Any CPU
		{BA791AEA-AFB0-407C-A34B-364F3B2F7CD5}.Release|Any CPU.ActiveCfg = Release|Any CPU
		{BA791AEA-AFB0-407C-A34B-364F3B2F7CD5}.Release|Any CPU.Build.0 = Release|Any CPU
	EndGlobalSection
	GlobalSection(SolutionProperties) = preSolution
		HideSolutionNode = FALSE
	EndGlobalSection
	GlobalSection(ExtensibilityGlobals) = postSolution
		SolutionGuid = {D15E1C0F-46A5-48C0-9490-22E3230E1749}
	EndGlobalSection
EndGlobal
